
Microsoft Visual Studio Solution File, Format Version 12.00
# Visual Studio Version 17
VisualStudioVersion = 17.14.36203.30 d17.14
MinimumVisualStudioVersion = 10.0.40219.1
Project("{FAE04EC0-301F-11D3-BF4B-00C04F79EFBC}") = "Hafta_11_GrupC_Uygulamasi", "Hafta_11_GrupC_Uygulamasi.csproj", "{D9323B6C-3046-482B-9B09-F9A6B00786A4}"
EndProject
Global
	GlobalSection(SolutionConfigurationPlatforms) = preSolution
		Debug|Any CPU = Debug|Any CPU
		Release|Any CPU = Release|Any CPU
	EndGlobalSection
	GlobalSection(ProjectConfigurationPlatforms) = postSolution
		{D9323B6C-3046-482B-9B09-F9A6B00786A4}.Debug|Any CPU.ActiveCfg = Debug|Any CPU
		{D9323B6C-3046-482B-9B09-F9A6B00786A4}.Debug|Any CPU.Build.0 = Debug|Any CPU
		{D9323B6C-3046-482B-9B09-F9A6B00786A4}.Release|Any CPU.ActiveCfg = Release|Any CPU
		{D9323B6C-3046-482B-9B09-F9A6B00786A4}.Release|Any CPU.Build.0 = Release|Any CPU
	EndGlobalSection
	GlobalSection(SolutionProperties) = preSolution
		HideSolutionNode = FALSE
	EndGlobalSection
	GlobalSection(ExtensibilityGlobals) = postSolution
		SolutionGuid = {53EDC3EE-BEF7-4627-AD13-7B3302F2B4BC}
	EndGlobalSection
EndGlobal
