
Microsoft Visual Studio Solution File, Format Version 12.00
# Visual Studio Version 17
VisualStudioVersion = 17.14.36203.30 d17.14
MinimumVisualStudioVersion = 10.0.40219.1
Project("{FAE04EC0-301F-11D3-BF4B-00C04F79EFBC}") = "Hafta_13_GrupB_Uygulamasi", "Hafta_13_GrupB_Uygulamasi.csproj", "{7360E782-D1E3-48EA-B93E-56BA02F460D4}"
EndProject
Global
	GlobalSection(SolutionConfigurationPlatforms) = preSolution
		Debug|Any CPU = Debug|Any CPU
		Release|Any CPU = Release|Any CPU
	EndGlobalSection
	GlobalSection(ProjectConfigurationPlatforms) = postSolution
		{7360E782-D1E3-48EA-B93E-56BA02F460D4}.Debug|Any CPU.ActiveCfg = Debug|Any CPU
		{7360E782-D1E3-48EA-B93E-56BA02F460D4}.Debug|Any CPU.Build.0 = Debug|Any CPU
		{7360E782-D1E3-48EA-B93E-56BA02F460D4}.Release|Any CPU.ActiveCfg = Release|Any CPU
		{7360E782-D1E3-48EA-B93E-56BA02F460D4}.Release|Any CPU.Build.0 = Release|Any CPU
	EndGlobalSection
	GlobalSection(SolutionProperties) = preSolution
		HideSolutionNode = FALSE
	EndGlobalSection
	GlobalSection(ExtensibilityGlobals) = postSolution
		SolutionGuid = {D9A31D07-B1D7-4AF3-AF46-4A90B9B6791F}
	EndGlobalSection
EndGlobal
